
Microsoft Visual Studio Solution File, Format Version 12.00
# Visual Studio Version 17
VisualStudioVersion = 17.14.36310.24 d17.14
MinimumVisualStudioVersion = 10.0.40219.1
Project("{FAE04EC0-301F-11D3-BF4B-00C04F79EFBC}") = "BlazorCRUDDemo", "BlazorCRUDDemo\BlazorCRUDDemo.csproj", "{907AB341-F6AB-4D46-B6FF-1F6903230E40}"
EndProject
Project("{FAE04EC0-301F-11D3-BF4B-00C04F79EFBC}") = "BlazorCRUDDemo.Client", "BlazorCRUDDemo.Client\BlazorCRUDDemo.Client.csproj", "{514BDB20-A59F-412B-888E-DE8E2D21C489}"
EndProject
Project("{FAE04EC0-301F-11D3-BF4B-00C04F79EFBC}") = "BlazorCRUDDemoShared", "..\BlazorCRUDDemoShared\BlazorCRUDDemoShared.csproj", "{0990B2B5-9E03-4BE4-BD2E-BA98454FAC6C}"
EndProject
Global
	GlobalSection(SolutionConfigurationPlatforms) = preSolution
		Debug|Any CPU = Debug|Any CPU
		Release|Any CPU = Release|Any CPU
	EndGlobalSection
	GlobalSection(ProjectConfigurationPlatforms) = postSolution
		{907AB341-F6AB-4D46-B6FF-1F6903230E40}.Debug|Any CPU.ActiveCfg = Debug|Any CPU
		{907AB341-F6AB-4D46-B6FF-1F6903230E40}.Debug|Any CPU.Build.0 = Debug|Any CPU
		{907AB341-F6AB-4D46-B6FF-1F6903230E40}.Release|Any CPU.ActiveCfg = Release|Any CPU
		{907AB341-F6AB-4D46-B6FF-1F6903230E40}.Release|Any CPU.Build.0 = Release|Any CPU
		{514BDB20-A59F-412B-888E-DE8E2D21C489}.Debug|Any CPU.ActiveCfg = Debug|Any CPU
		{514BDB20-A59F-412B-888E-DE8E2D21C489}.Debug|Any CPU.Build.0 = Debug|Any CPU
		{514BDB20-A59F-412B-888E-DE8E2D21C489}.Release|Any CPU.ActiveCfg = Release|Any CPU
		{514BDB20-A59F-412B-888E-DE8E2D21C489}.Release|Any CPU.Build.0 = Release|Any CPU
		{0990B2B5-9E03-4BE4-BD2E-BA98454FAC6C}.Debug|Any CPU.ActiveCfg = Debug|Any CPU
		{0990B2B5-9E03-4BE4-BD2E-BA98454FAC6C}.Debug|Any CPU.Build.0 = Debug|Any CPU
		{0990B2B5-9E03-4BE4-BD2E-BA98454FAC6C}.Release|Any CPU.ActiveCfg = Release|Any CPU
		{0990B2B5-9E03-4BE4-BD2E-BA98454FAC6C}.Release|Any CPU.Build.0 = Release|Any CPU
	EndGlobalSection
	GlobalSection(SolutionProperties) = preSolution
		HideSolutionNode = FALSE
	EndGlobalSection
	GlobalSection(ExtensibilityGlobals) = postSolution
		SolutionGuid = {33A1C948-050F-45B3-B85B-73D86011B3D8}
	EndGlobalSection
EndGlobal
